// !$*UTF8*$!
{
	archiveVersion = 1;
	classes = {
	};
	objectVersion = 50;
	objects = {

/* Begin PBXBuildFile section */
		1823B35822F1EF1900D3BAEE /* ViewController.swift in Sources */ = {isa = PBXBuildFile; fileRef = 1823B35722F1EF1900D3BAEE /* ViewController.swift */; };
		18E7B9E022F1D934005C28EC /* AppDelegate.swift in Sources */ = {isa = PBXBuildFile; fileRef = 18E7B9DF22F1D934005C28EC /* AppDelegate.swift */; };
		18E7B9E522F1D934005C28EC /* Main.storyboard in Resources */ = {isa = PBXBuildFile; fileRef = 18E7B9E322F1D934005C28EC /* Main.storyboard */; };
		18E7B9E822F1D934005C28EC /* Apptivism.xcdatamodeld in Sources */ = {isa = PBXBuildFile; fileRef = 18E7B9E622F1D934005C28EC /* Apptivism.xcdatamodeld */; };
		18E7B9EA22F1D939005C28EC /* Assets.xcassets in Resources */ = {isa = PBXBuildFile; fileRef = 18E7B9E922F1D939005C28EC /* Assets.xcassets */; };
		18E7B9ED22F1D939005C28EC /* LaunchScreen.storyboard in Resources */ = {isa = PBXBuildFile; fileRef = 18E7B9EB22F1D939005C28EC /* LaunchScreen.storyboard */; };
		18E9C54122F3516D009974DE /* GenderEqualityViewController.swift in Sources */ = {isa = PBXBuildFile; fileRef = 18E9C54022F3516D009974DE /* GenderEqualityViewController.swift */; };
		18E9C54622F364E0009974DE /* REALApptivism.storyboard in Resources */ = {isa = PBXBuildFile; fileRef = 18E9C54422F364E0009974DE /* REALApptivism.storyboard */; };
		18F97C1322F334D6004B376C /* EnvironmentViewController.swift in Sources */ = {isa = PBXBuildFile; fileRef = 18F97C1222F334D6004B376C /* EnvironmentViewController.swift */; };
/* End PBXBuildFile section */

/* Begin PBXFileReference section */
		1823B35722F1EF1900D3BAEE /* ViewController.swift */ = {isa = PBXFileReference; lastKnownFileType = sourcecode.swift; path = ViewController.swift; sourceTree = "<group>"; };
		18E7B9DC22F1D934005C28EC /* Apptivism.app */ = {isa = PBXFileReference; explicitFileType = wrapper.application; includeInIndex = 0; path = Apptivism.app; sourceTree = BUILT_PRODUCTS_DIR; };
		18E7B9DF22F1D934005C28EC /* AppDelegate.swift */ = {isa = PBXFileReference; lastKnownFileType = sourcecode.swift; path = AppDelegate.swift; sourceTree = "<group>"; };
		18E7B9E422F1D934005C28EC /* Base */ = {isa = PBXFileReference; lastKnownFileType = file.storyboard; name = Base; path = Base.lproj/Main.storyboard; sourceTree = "<group>"; };
		18E7B9E722F1D934005C28EC /* Apptivism.xcdatamodel */ = {isa = PBXFileReference; lastKnownFileType = wrapper.xcdatamodel; path = Apptivism.xcdatamodel; sourceTree = "<group>"; };
		18E7B9E922F1D939005C28EC /* Assets.xcassets */ = {isa = PBXFileReference; lastKnownFileType = folder.assetcatalog; path = Assets.xcassets; sourceTree = "<group>"; };
		18E7B9EC22F1D939005C28EC /* Base */ = {isa = PBXFileReference; lastKnownFileType = file.storyboard; name = Base; path = Base.lproj/LaunchScreen.storyboard; sourceTree = "<group>"; };
		18E7B9EE22F1D939005C28EC /* Info.plist */ = {isa = PBXFileReference; lastKnownFileType = text.plist.xml; path = Info.plist; sourceTree = "<group>"; };
		18E9C54022F3516D009974DE /* GenderEqualityViewController.swift */ = {isa = PBXFileReference; lastKnownFileType = sourcecode.swift; path = GenderEqualityViewController.swift; sourceTree = "<group>"; };
		18E9C54522F364E0009974DE /* Base */ = {isa = PBXFileReference; lastKnownFileType = file.storyboard; name = Base; path = Apptivism/Base.lproj/REALApptivism.storyboard; sourceTree = "<group>"; };
		18F97C1222F334D6004B376C /* EnvironmentViewController.swift */ = {isa = PBXFileReference; lastKnownFileType = sourcecode.swift; path = EnvironmentViewController.swift; sourceTree = "<group>"; };
/* End PBXFileReference section */

/* Begin PBXFrameworksBuildPhase section */
		18E7B9D922F1D934005C28EC /* Frameworks */ = {
			isa = PBXFrameworksBuildPhase;
			buildActionMask = 2147483647;
			files = (
			);
			runOnlyForDeploymentPostprocessing = 0;
		};
/* End PBXFrameworksBuildPhase section */

/* Begin PBXGroup section */
		18E7B9D322F1D933005C28EC = {
			isa = PBXGroup;
			children = (
				18E9C54422F364E0009974DE /* REALApptivism.storyboard */,
				18E7B9DE22F1D934005C28EC /* Apptivism */,
				18E7B9DD22F1D934005C28EC /* Products */,
			);
			sourceTree = "<group>";
		};
		18E7B9DD22F1D934005C28EC /* Products */ = {
			isa = PBXGroup;
			children = (
				18E7B9DC22F1D934005C28EC /* Apptivism.app */,
			);
			name = Products;
			sourceTree = "<group>";
		};
		18E7B9DE22F1D934005C28EC /* Apptivism */ = {
			isa = PBXGroup;
			children = (
				18E9C54022F3516D009974DE /* GenderEqualityViewController.swift */,
				18E7B9DF22F1D934005C28EC /* AppDelegate.swift */,
				18E7B9E322F1D934005C28EC /* Main.storyboard */,
				18F97C1222F334D6004B376C /* EnvironmentViewController.swift */,
				18E7B9E922F1D939005C28EC /* Assets.xcassets */,
				18E7B9EB22F1D939005C28EC /* LaunchScreen.storyboard */,
				18E7B9EE22F1D939005C28EC /* Info.plist */,
				18E7B9E622F1D934005C28EC /* Apptivism.xcdatamodeld */,
				1823B35722F1EF1900D3BAEE /* ViewController.swift */,
			);
			path = Apptivism;
			sourceTree = "<group>";
		};
/* End PBXGroup section */

/* Begin PBXNativeTarget section */
		18E7B9DB22F1D934005C28EC /* Apptivism */ = {
			isa = PBXNativeTarget;
			buildConfigurationList = 18E7B9F122F1D939005C28EC /* Build configuration list for PBXNativeTarget "Apptivism" */;
			buildPhases = (
				18E7B9D822F1D934005C28EC /* Sources */,
				18E7B9D922F1D934005C28EC /* Frameworks */,
				18E7B9DA22F1D934005C28EC /* Resources */,
			);
			buildRules = (
			);
			dependencies = (
			);
			name = Apptivism;
			productName = Apptivism;
			productReference = 18E7B9DC22F1D934005C28EC /* Apptivism.app */;
			productType = "com.apple.product-type.application";
		};
/* End PBXNativeTarget section */

/* Begin PBXProject section */
		18E7B9D422F1D933005C28EC /* Project object */ = {
			isa = PBXProject;
			attributes = {
				LastSwiftUpdateCheck = 1020;
				LastUpgradeCheck = 1020;
				ORGANIZATIONNAME = KWK;
				TargetAttributes = {
					18E7B9DB22F1D934005C28EC = {
						CreatedOnToolsVersion = 10.2.1;
					};
				};
			};
			buildConfigurationList = 18E7B9D722F1D933005C28EC /* Build configuration list for PBXProject "Apptivism" */;
			compatibilityVersion = "Xcode 9.3";
			developmentRegion = en;
			hasScannedForEncodings = 0;
			knownRegions = (
				en,
				Base,
			);
			mainGroup = 18E7B9D322F1D933005C28EC;
			productRefGroup = 18E7B9DD22F1D934005C28EC /* Products */;
			projectDirPath = "";
			projectRoot = "";
			targets = (
				18E7B9DB22F1D934005C28EC /* Apptivism */,
			);
		};
/* End PBXProject section */

/* Begin PBXResourcesBuildPhase section */
		18E7B9DA22F1D934005C28EC /* Resources */ = {
			isa = PBXResourcesBuildPhase;
			buildActionMask = 2147483647;
			files = (
				18E7B9ED22F1D939005C28EC /* LaunchScreen.storyboard in Resources */,
				18E9C54622F364E0009974DE /* REALApptivism.storyboard in Resources */,
				18E7B9EA22F1D939005C28EC /* Assets.xcassets in Resources */,
				18E7B9E522F1D934005C28EC /* Main.storyboard in Resources */,
			);
			runOnlyForDeploymentPostprocessing = 0;
		};
/* End PBXResourcesBuildPhase section */

/* Begin PBXSourcesBuildPhase section */
		18E7B9D822F1D934005C28EC /* Sources */ = {
			isa = PBXSourcesBuildPhase;
			buildActionMask = 2147483647;
			files = (
				18E7B9E822F1D934005C28EC /* Apptivism.xcdatamodeld in Sources */,
				18E9C54122F3516D009974DE /* GenderEqualityViewController.swift in Sources */,
				1823B35822F1EF1900D3BAEE /* ViewController.swift in Sources */,
				18F97C1322F334D6004B376C /* EnvironmentViewController.swift in Sources */,
				18E7B9E022F1D934005C28EC /* AppDelegate.swift in Sources */,
			);
			runOnlyForDeploymentPostprocessing = 0;
		};
/* End PBXSourcesBuildPhase section */

/* Begin PBXVariantGroup section */
		18E7B9E322F1D934005C28EC /* Main.storyboard */ = {
			isa = PBXVariantGroup;
			children = (
				18E7B9E422F1D934005C28EC /* Base */,
			);
			name = Main.storyboard;
			sourceTree = "<group>";
		};
		18E7B9EB22F1D939005C28EC /* LaunchScreen.storyboard */ = {
			isa = PBXVariantGroup;
			children = (
				18E7B9EC22F1D939005C28EC /* Base */,
			);
			name = LaunchScreen.storyboard;
			sourceTree = "<group>";
		};
		18E9C54422F364E0009974DE /* REALApptivism.storyboard */ = {
			isa = PBXVariantGroup;
			children = (
				18E9C54522F364E0009974DE /* Base */,
			);
			name = REALApptivism.storyboard;
			sourceTree = "<group>";
		};
/* End PBXVariantGroup section */

/* Begin XCBuildConfiguration section */
		18E7B9EF22F1D939005C28EC /* Debug */ = {
			isa = XCBuildConfiguration;
			buildSettings = {
				ALWAYS_SEARCH_USER_PATHS = NO;
				CLANG_ANALYZER_NONNULL = YES;
				CLANG_ANALYZER_NUMBER_OBJECT_CONVERSION = YES_AGGRESSIVE;
				CLANG_CXX_LANGUAGE_STANDARD = "gnu++14";
				CLANG_CXX_LIBRARY = "libc++";
				CLANG_ENABLE_MODULES = YES;
				CLANG_ENABLE_OBJC_ARC = YES;
				CLANG_ENABLE_OBJC_WEAK = YES;
				CLANG_WARN_BLOCK_CAPTURE_AUTORELEASING = YES;
				CLANG_WARN_BOOL_CONVERSION = YES;
				CLANG_WARN_COMMA = YES;
				CLANG_WARN_CONSTANT_CONVERSION = YES;
				CLANG_WARN_DEPRECATED_OBJC_IMPLEMENTATIONS = YES;
				CLANG_WARN_DIRECT_OBJC_ISA_USAGE = YES_ERROR;
				CLANG_WARN_DOCUMENTATION_COMMENTS = YES;
				CLANG_WARN_EMPTY_BODY = YES;
				CLANG_WARN_ENUM_CONVERSION = YES;
				CLANG_WARN_INFINITE_RECURSION = YES;
				CLANG_WARN_INT_CONVERSION = YES;
				CLANG_WARN_NON_LITERAL_NULL_CONVERSION = YES;
				CLANG_WARN_OBJC_IMPLICIT_RETAIN_SELF = YES;
				CLANG_WARN_OBJC_LITERAL_CONVERSION = YES;
				CLANG_WARN_OBJC_ROOT_CLASS = YES_ERROR;
				CLANG_WARN_RANGE_LOOP_ANALYSIS = YES;
				CLANG_WARN_STRICT_PROTOTYPES = YES;
				CLANG_WARN_SUSPICIOUS_MOVE = YES;
				CLANG_WARN_UNGUARDED_AVAILABILITY = YES_AGGRESSIVE;
				CLANG_WARN_UNREACHABLE_CODE = YES;
				CLANG_WARN__DUPLICATE_METHOD_MATCH = YES;
				CODE_SIGN_IDENTITY = "iPhone Developer";
				COPY_PHASE_STRIP = NO;
				DEBUG_INFORMATION_FORMAT = dwarf;
				ENABLE_STRICT_OBJC_MSGSEND = YES;
				ENABLE_TESTABILITY = YES;
				GCC_C_LANGUAGE_STANDARD = gnu11;
				GCC_DYNAMIC_NO_PIC = NO;
				GCC_NO_COMMON_BLOCKS = YES;
				GCC_OPTIMIZATION_LEVEL = 0;
				GCC_PREPROCESSOR_DEFINITIONS = (
					"DEBUG=1",
					"$(inherited)",
				);
				GCC_WARN_64_TO_32_BIT_CONVERSION = YES;
				GCC_WARN_ABOUT_RETURN_TYPE = YES_ERROR;
				GCC_WARN_UNDECLARED_SELECTOR = YES;
				GCC_WARN_UNINITIALIZED_AUTOS = YES_AGGRESSIVE;
				GCC_WARN_UNUSED_FUNCTION = YES;
				GCC_WARN_UNUSED_VARIABLE = YES;
				IPHONEOS_DEPLOYMENT_TARGET = 12.2;
				MTL_ENABLE_DEBUG_INFO = INCLUDE_SOURCE;
				MTL_FAST_MATH = YES;
				ONLY_ACTIVE_ARCH = YES;
				SDKROOT = iphoneos;
				SWIFT_ACTIVE_COMPILATION_CONDITIONS = DEBUG;
				SWIFT_OPTIMIZATION_LEVEL = "-Onone";
			};
			name = Debug;
		};
		18E7B9F022F1D939005C28EC /* Release */ = {
			isa = XCBuildConfiguration;
			buildSettings = {
				ALWAYS_SEARCH_USER_PATHS = NO;
				CLANG_ANALYZER_NONNULL = YES;
				CLANG_ANALYZER_NUMBER_OBJECT_CONVERSION = YES_AGGRESSIVE;
				CLANG_CXX_LANGUAGE_STANDARD = "gnu++14";
				CLANG_CXX_LIBRARY = "libc++";
				CLANG_ENABLE_MODULES = YES;
				CLANG_ENABLE_OBJC_ARC = YES;
				CLANG_ENABLE_OBJC_WEAK = YES;
				CLANG_WARN_BLOCK_CAPTURE_AUTORELEASING = YES;
				CLANG_WARN_BOOL_CONVERSION = YES;
				CLANG_WARN_COMMA = YES;
				CLANG_WARN_CONSTANT_CONVERSION = YES;
				CLANG_WARN_DEPRECATED_OBJC_IMPLEMENTATIONS = YES;
				CLANG_WARN_DIRECT_OBJC_ISA_USAGE = YES_ERROR;
				CLANG_WARN_DOCUMENTATION_COMMENTS = YES;
				CLANG_WARN_EMPTY_BODY = YES;
				CLANG_WARN_ENUM_CONVERSION = YES;
				CLANG_WARN_INFINITE_RECURSION = YES;
				CLANG_WARN_INT_CONVERSION = YES;
				CLANG_WARN_NON_LITERAL_NULL_CONVERSION = YES;
				CLANG_WARN_OBJC_IMPLICIT_RETAIN_SELF = YES;
				CLANG_WARN_OBJC_LITERAL_CONVERSION = YES;
				CLANG_WARN_OBJC_ROOT_CLASS = YES_ERROR;
				CLANG_WARN_RANGE_LOOP_ANALYSIS = YES;
				CLANG_WARN_STRICT_PROTOTYPES = YES;
				CLANG_WARN_SUSPICIOUS_MOVE = YES;
				CLANG_WARN_UNGUARDED_AVAILABILITY = YES_AGGRESSIVE;
				CLANG_WARN_UNREACHABLE_CODE = YES;
				CLANG_WARN__DUPLICATE_METHOD_MATCH = YES;
				CODE_SIGN_IDENTITY = "iPhone Developer";
				COPY_PHASE_STRIP = NO;
				DEBUG_INFORMATION_FORMAT = "dwarf-with-dsym";
				ENABLE_NS_ASSERTIONS = NO;
				ENABLE_STRICT_OBJC_MSGSEND = YES;
				GCC_C_LANGUAGE_STANDARD = gnu11;
				GCC_NO_COMMON_BLOCKS = YES;
				GCC_WARN_64_TO_32_BIT_CONVERSION = YES;
				GCC_WARN_ABOUT_RETURN_TYPE = YES_ERROR;
				GCC_WARN_UNDECLARED_SELECTOR = YES;
				GCC_WARN_UNINITIALIZED_AUTOS = YES_AGGRESSIVE;
				GCC_WARN_UNUSED_FUNCTION = YES;
				GCC_WARN_UNUSED_VARIABLE = YES;
				IPHONEOS_DEPLOYMENT_TARGET = 12.2;
				MTL_ENABLE_DEBUG_INFO = NO;
				MTL_FAST_MATH = YES;
				SDKROOT = iphoneos;
				SWIFT_COMPILATION_MODE = wholemodule;
				SWIFT_OPTIMIZATION_LEVEL = "-O";
				VALIDATE_PRODUCT = YES;
			};
			name = Release;
		};
		18E7B9F222F1D939005C28EC /* Debug */ = {
			isa = XCBuildConfiguration;
			buildSettings = {
				ASSETCATALOG_COMPILER_APPICON_NAME = AppIcon;
				CODE_SIGN_STYLE = Automatic;
				INFOPLIST_FILE = Apptivism/Info.plist;
				LD_RUNPATH_SEARCH_PATHS = (
					"$(inherited)",
					"@executable_path/Frameworks",
				);
				PRODUCT_BUNDLE_IDENTIFIER = com.practice.Apptivism;
				PRODUCT_NAME = "$(TARGET_NAME)";
				SWIFT_VERSION = 5.0;
				TARGETED_DEVICE_FAMILY = "1,2";
			};
			name = Debug;
		};
		18E7B9F322F1D939005C28EC /* Release */ = {
			isa = XCBuildConfiguration;
			buildSettings = {
				ASSETCATALOG_COMPILER_APPICON_NAME = AppIcon;
				CODE_SIGN_STYLE = Automatic;
				INFOPLIST_FILE = Apptivism/Info.plist;
				LD_RUNPATH_SEARCH_PATHS = (
					"$(inherited)",
					"@executable_path/Frameworks",
				);
				PRODUCT_BUNDLE_IDENTIFIER = com.practice.Apptivism;
				PRODUCT_NAME = "$(TARGET_NAME)";
				SWIFT_VERSION = 5.0;
				TARGETED_DEVICE_FAMILY = "1,2";
			};
			name = Release;
		};
/* End XCBuildConfiguration section */

/* Begin XCConfigurationList section */
		18E7B9D722F1D933005C28EC /* Build configuration list for PBXProject "Apptivism" */ = {
			isa = XCConfigurationList;
			buildConfigurations = (
				18E7B9EF22F1D939005C28EC /* Debug */,
				18E7B9F022F1D939005C28EC /* Release */,
			);
			defaultConfigurationIsVisible = 0;
			defaultConfigurationName = Release;
		};
		18E7B9F122F1D939005C28EC /* Build configuration list for PBXNativeTarget "Apptivism" */ = {
			isa = XCConfigurationList;
			buildConfigurations = (
				18E7B9F222F1D939005C28EC /* Debug */,
				18E7B9F322F1D939005C28EC /* Release */,
			);
			defaultConfigurationIsVisible = 0;
			defaultConfigurationName = Release;
		};
/* End XCConfigurationList section */

/* Begin XCVersionGroup section */
		18E7B9E622F1D934005C28EC /* Apptivism.xcdatamodeld */ = {
			isa = XCVersionGroup;
			children = (
				18E7B9E722F1D934005C28EC /* Apptivism.xcdatamodel */,
			);
			currentVersion = 18E7B9E722F1D934005C28EC /* Apptivism.xcdatamodel */;
			path = Apptivism.xcdatamodeld;
			sourceTree = "<group>";
			versionGroupType = wrapper.xcdatamodel;
		};
/* End XCVersionGroup section */
	};
	rootObject = 18E7B9D422F1D933005C28EC /* Project object */;
}
